// !$*UTF8*$!
{
	archiveVersion = 1;
	classes = {
	};
	objectVersion = 56;
	objects = {

/* Begin PBXBuildFile section */
		DA9A22D82970424800DD6751 /* AppDelegate.swift in Sources */ = {isa = PBXBuildFile; fileRef = DA9A22D72970424800DD6751 /* AppDelegate.swift */; };
		DA9A22DA2970424800DD6751 /* SceneDelegate.swift in Sources */ = {isa = PBXBuildFile; fileRef = DA9A22D92970424800DD6751 /* SceneDelegate.swift */; };
		DA9A22DC2970424800DD6751 /* CourseListViewController.swift in Sources */ = {isa = PBXBuildFile; fileRef = DA9A22DB2970424800DD6751 /* CourseListViewController.swift */; };
		DA9A22DF2970424800DD6751 /* Main.storyboard in Resources */ = {isa = PBXBuildFile; fileRef = DA9A22DD2970424800DD6751 /* Main.storyboard */; };
		DA9A22E12970424A00DD6751 /* Assets.xcassets in Resources */ = {isa = PBXBuildFile; fileRef = DA9A22E02970424A00DD6751 /* Assets.xcassets */; };
		DA9A22E42970424A00DD6751 /* LaunchScreen.storyboard in Resources */ = {isa = PBXBuildFile; fileRef = DA9A22E22970424A00DD6751 /* LaunchScreen.storyboard */; };
		DA9A22F0297044B700DD6751 /* Course.swift in Sources */ = {isa = PBXBuildFile; fileRef = DA9A22EF297044B700DD6751 /* Course.swift */; };
		DA9A22F5297048A400DD6751 /* DataManager.swift in Sources */ = {isa = PBXBuildFile; fileRef = DA9A22F2297048A400DD6751 /* DataManager.swift */; };
		DA9A22F6297048A400DD6751 /* ImageManager.swift in Sources */ = {isa = PBXBuildFile; fileRef = DA9A22F3297048A400DD6751 /* ImageManager.swift */; };
		DA9A22F7297048A400DD6751 /* NetworkManager.swift in Sources */ = {isa = PBXBuildFile; fileRef = DA9A22F4297048A400DD6751 /* NetworkManager.swift */; };
		DA9A22F9297048E000DD6751 /* CourseDetailsViewController.swift in Sources */ = {isa = PBXBuildFile; fileRef = DA9A22F8297048E000DD6751 /* CourseDetailsViewController.swift */; };
		DA9A22FB29704B3900DD6751 /* CourseCell.swift in Sources */ = {isa = PBXBuildFile; fileRef = DA9A22FA29704B3900DD6751 /* CourseCell.swift */; };
		DAEF7DA72987FF2500284326 /* CourseDetailsPresenter.swift in Sources */ = {isa = PBXBuildFile; fileRef = DAEF7DA62987FF2500284326 /* CourseDetailsPresenter.swift */; };
		DAEF7DA92988013600284326 /* CourseDetailsInteractor.swift in Sources */ = {isa = PBXBuildFile; fileRef = DAEF7DA82988013600284326 /* CourseDetailsInteractor.swift */; };
		DAEF7DAB2988032F00284326 /* CourseDetailsConfigurator.swift in Sources */ = {isa = PBXBuildFile; fileRef = DAEF7DAA2988032F00284326 /* CourseDetailsConfigurator.swift */; };
		DAEF7DAD298827A900284326 /* CourseListPresenter.swift in Sources */ = {isa = PBXBuildFile; fileRef = DAEF7DAC298827A900284326 /* CourseListPresenter.swift */; };
		DAEF7DAF298827B600284326 /* CourseListInteractor.swift in Sources */ = {isa = PBXBuildFile; fileRef = DAEF7DAE298827B600284326 /* CourseListInteractor.swift */; };
		DAEF7DB1298827C500284326 /* CourseListConfigurator.swift in Sources */ = {isa = PBXBuildFile; fileRef = DAEF7DB0298827C500284326 /* CourseListConfigurator.swift */; };
		DAEF7DB329882CB600284326 /* CourseListRouter.swift in Sources */ = {isa = PBXBuildFile; fileRef = DAEF7DB229882CB600284326 /* CourseListRouter.swift */; };
/* End PBXBuildFile section */

/* Begin PBXFileReference section */
		DA9A22D42970424800DD6751 /* CoursesApp.app */ = {isa = PBXFileReference; explicitFileType = wrapper.application; includeInIndex = 0; path = CoursesApp.app; sourceTree = BUILT_PRODUCTS_DIR; };
		DA9A22D72970424800DD6751 /* AppDelegate.swift */ = {isa = PBXFileReference; lastKnownFileType = sourcecode.swift; path = AppDelegate.swift; sourceTree = "<group>"; };
		DA9A22D92970424800DD6751 /* SceneDelegate.swift */ = {isa = PBXFileReference; lastKnownFileType = sourcecode.swift; path = SceneDelegate.swift; sourceTree = "<group>"; };
		DA9A22DB2970424800DD6751 /* CourseListViewController.swift */ = {isa = PBXFileReference; lastKnownFileType = sourcecode.swift; path = CourseListViewController.swift; sourceTree = "<group>"; };
		DA9A22DE2970424800DD6751 /* Base */ = {isa = PBXFileReference; lastKnownFileType = file.storyboard; name = Base; path = Base.lproj/Main.storyboard; sourceTree = "<group>"; };
		DA9A22E02970424A00DD6751 /* Assets.xcassets */ = {isa = PBXFileReference; lastKnownFileType = folder.assetcatalog; path = Assets.xcassets; sourceTree = "<group>"; };
		DA9A22E32970424A00DD6751 /* Base */ = {isa = PBXFileReference; lastKnownFileType = file.storyboard; name = Base; path = Base.lproj/LaunchScreen.storyboard; sourceTree = "<group>"; };
		DA9A22E52970424A00DD6751 /* Info.plist */ = {isa = PBXFileReference; lastKnownFileType = text.plist.xml; path = Info.plist; sourceTree = "<group>"; };
		DA9A22EF297044B700DD6751 /* Course.swift */ = {isa = PBXFileReference; lastKnownFileType = sourcecode.swift; path = Course.swift; sourceTree = "<group>"; };
		DA9A22F2297048A400DD6751 /* DataManager.swift */ = {isa = PBXFileReference; fileEncoding = 4; lastKnownFileType = sourcecode.swift; path = DataManager.swift; sourceTree = "<group>"; };
		DA9A22F3297048A400DD6751 /* ImageManager.swift */ = {isa = PBXFileReference; fileEncoding = 4; lastKnownFileType = sourcecode.swift; path = ImageManager.swift; sourceTree = "<group>"; };
		DA9A22F4297048A400DD6751 /* NetworkManager.swift */ = {isa = PBXFileReference; fileEncoding = 4; lastKnownFileType = sourcecode.swift; path = NetworkManager.swift; sourceTree = "<group>"; };
		DA9A22F8297048E000DD6751 /* CourseDetailsViewController.swift */ = {isa = PBXFileReference; fileEncoding = 4; lastKnownFileType = sourcecode.swift; path = CourseDetailsViewController.swift; sourceTree = "<group>"; };
		DA9A22FA29704B3900DD6751 /* CourseCell.swift */ = {isa = PBXFileReference; fileEncoding = 4; lastKnownFileType = sourcecode.swift; path = CourseCell.swift; sourceTree = "<group>"; };
		DAEF7DA62987FF2500284326 /* CourseDetailsPresenter.swift */ = {isa = PBXFileReference; lastKnownFileType = sourcecode.swift; path = CourseDetailsPresenter.swift; sourceTree = "<group>"; };
		DAEF7DA82988013600284326 /* CourseDetailsInteractor.swift */ = {isa = PBXFileReference; lastKnownFileType = sourcecode.swift; path = CourseDetailsInteractor.swift; sourceTree = "<group>"; };
		DAEF7DAA2988032F00284326 /* CourseDetailsConfigurator.swift */ = {isa = PBXFileReference; lastKnownFileType = sourcecode.swift; path = CourseDetailsConfigurator.swift; sourceTree = "<group>"; };
		DAEF7DAC298827A900284326 /* CourseListPresenter.swift */ = {isa = PBXFileReference; lastKnownFileType = sourcecode.swift; path = CourseListPresenter.swift; sourceTree = "<group>"; };
		DAEF7DAE298827B600284326 /* CourseListInteractor.swift */ = {isa = PBXFileReference; lastKnownFileType = sourcecode.swift; path = CourseListInteractor.swift; sourceTree = "<group>"; };
		DAEF7DB0298827C500284326 /* CourseListConfigurator.swift */ = {isa = PBXFileReference; lastKnownFileType = sourcecode.swift; path = CourseListConfigurator.swift; sourceTree = "<group>"; };
		DAEF7DB229882CB600284326 /* CourseListRouter.swift */ = {isa = PBXFileReference; lastKnownFileType = sourcecode.swift; path = CourseListRouter.swift; sourceTree = "<group>"; };
/* End PBXFileReference section */

/* Begin PBXFrameworksBuildPhase section */
		DA9A22D12970424800DD6751 /* Frameworks */ = {
			isa = PBXFrameworksBuildPhase;
			buildActionMask = 2147483647;
			files = (
			);
			runOnlyForDeploymentPostprocessing = 0;
		};
/* End PBXFrameworksBuildPhase section */

/* Begin PBXGroup section */
		DA9A22CB2970424800DD6751 = {
			isa = PBXGroup;
			children = (
				DA9A22D62970424800DD6751 /* CoursesApp */,
				DA9A22D52970424800DD6751 /* Products */,
			);
			sourceTree = "<group>";
		};
		DA9A22D52970424800DD6751 /* Products */ = {
			isa = PBXGroup;
			children = (
				DA9A22D42970424800DD6751 /* CoursesApp.app */,
			);
			name = Products;
			sourceTree = "<group>";
		};
		DA9A22D62970424800DD6751 /* CoursesApp */ = {
			isa = PBXGroup;
			children = (
				DAEF7DA32987FC0C00284326 /* CourseList */,
				DAEF7DA42987FC2600284326 /* CourseDetails */,
				DA9A22EE2970447E00DD6751 /* Models */,
				DA9A22F1297048A400DD6751 /* Services */,
				DA9A22EB297043F900DD6751 /* Storyboard */,
				DA9A22EC2970440900DD6751 /* Resources */,
				DA9A22ED2970443B00DD6751 /* SupportingFiles */,
			);
			path = CoursesApp;
			sourceTree = "<group>";
		};
		DA9A22EB297043F900DD6751 /* Storyboard */ = {
			isa = PBXGroup;
			children = (
				DA9A22DD2970424800DD6751 /* Main.storyboard */,
				DA9A22E22970424A00DD6751 /* LaunchScreen.storyboard */,
			);
			path = Storyboard;
			sourceTree = "<group>";
		};
		DA9A22EC2970440900DD6751 /* Resources */ = {
			isa = PBXGroup;
			children = (
				DA9A22E02970424A00DD6751 /* Assets.xcassets */,
			);
			path = Resources;
			sourceTree = "<group>";
		};
		DA9A22ED2970443B00DD6751 /* SupportingFiles */ = {
			isa = PBXGroup;
			children = (
				DA9A22D72970424800DD6751 /* AppDelegate.swift */,
				DA9A22D92970424800DD6751 /* SceneDelegate.swift */,
				DA9A22E52970424A00DD6751 /* Info.plist */,
			);
			path = SupportingFiles;
			sourceTree = "<group>";
		};
		DA9A22EE2970447E00DD6751 /* Models */ = {
			isa = PBXGroup;
			children = (
				DA9A22EF297044B700DD6751 /* Course.swift */,
			);
			path = Models;
			sourceTree = "<group>";
		};
		DA9A22F1297048A400DD6751 /* Services */ = {
			isa = PBXGroup;
			children = (
				DA9A22F2297048A400DD6751 /* DataManager.swift */,
				DA9A22F3297048A400DD6751 /* ImageManager.swift */,
				DA9A22F4297048A400DD6751 /* NetworkManager.swift */,
			);
			path = Services;
			sourceTree = "<group>";
		};
		DAEF7DA32987FC0C00284326 /* CourseList */ = {
			isa = PBXGroup;
			children = (
				DAEF7DA52987FC4800284326 /* CourseCell */,
				DA9A22DB2970424800DD6751 /* CourseListViewController.swift */,
				DAEF7DAC298827A900284326 /* CourseListPresenter.swift */,
				DAEF7DAE298827B600284326 /* CourseListInteractor.swift */,
				DAEF7DB229882CB600284326 /* CourseListRouter.swift */,
				DAEF7DB0298827C500284326 /* CourseListConfigurator.swift */,
			);
			path = CourseList;
			sourceTree = "<group>";
		};
		DAEF7DA42987FC2600284326 /* CourseDetails */ = {
			isa = PBXGroup;
			children = (
				DA9A22F8297048E000DD6751 /* CourseDetailsViewController.swift */,
				DAEF7DA62987FF2500284326 /* CourseDetailsPresenter.swift */,
				DAEF7DA82988013600284326 /* CourseDetailsInteractor.swift */,
				DAEF7DAA2988032F00284326 /* CourseDetailsConfigurator.swift */,
			);
			path = CourseDetails;
			sourceTree = "<group>";
		};
		DAEF7DA52987FC4800284326 /* CourseCell */ = {
			isa = PBXGroup;
			children = (
				DA9A22FA29704B3900DD6751 /* CourseCell.swift */,
			);
			path = CourseCell;
			sourceTree = "<group>";
		};
/* End PBXGroup section */

/* Begin PBXNativeTarget section */
		DA9A22D32970424800DD6751 /* CoursesApp */ = {
			isa = PBXNativeTarget;
			buildConfigurationList = DA9A22E82970424A00DD6751 /* Build configuration list for PBXNativeTarget "CoursesApp" */;
			buildPhases = (
				DA9A22D02970424800DD6751 /* Sources */,
				DA9A22D12970424800DD6751 /* Frameworks */,
				DA9A22D22970424800DD6751 /* Resources */,
			);
			buildRules = (
			);
			dependencies = (
			);
			name = CoursesApp;
			productName = CoursesApp;
			productReference = DA9A22D42970424800DD6751 /* CoursesApp.app */;
			productType = "com.apple.product-type.application";
		};
/* End PBXNativeTarget section */

/* Begin PBXProject section */
		DA9A22CC2970424800DD6751 /* Project object */ = {
			isa = PBXProject;
			attributes = {
				BuildIndependentTargetsInParallel = 1;
				LastSwiftUpdateCheck = 1420;
				LastUpgradeCheck = 1420;
				TargetAttributes = {
					DA9A22D32970424800DD6751 = {
						CreatedOnToolsVersion = 14.2;
					};
				};
			};
			buildConfigurationList = DA9A22CF2970424800DD6751 /* Build configuration list for PBXProject "CoursesApp" */;
			compatibilityVersion = "Xcode 14.0";
			developmentRegion = en;
			hasScannedForEncodings = 0;
			knownRegions = (
				en,
				Base,
			);
			mainGroup = DA9A22CB2970424800DD6751;
			productRefGroup = DA9A22D52970424800DD6751 /* Products */;
			projectDirPath = "";
			projectRoot = "";
			targets = (
				DA9A22D32970424800DD6751 /* CoursesApp */,
			);
		};
/* End PBXProject section */

/* Begin PBXResourcesBuildPhase section */
		DA9A22D22970424800DD6751 /* Resources */ = {
			isa = PBXResourcesBuildPhase;
			buildActionMask = 2147483647;
			files = (
				DA9A22E42970424A00DD6751 /* LaunchScreen.storyboard in Resources */,
				DA9A22E12970424A00DD6751 /* Assets.xcassets in Resources */,
				DA9A22DF2970424800DD6751 /* Main.storyboard in Resources */,
			);
			runOnlyForDeploymentPostprocessing = 0;
		};
/* End PBXResourcesBuildPhase section */

/* Begin PBXSourcesBuildPhase section */
		DA9A22D02970424800DD6751 /* Sources */ = {
			isa = PBXSourcesBuildPhase;
			buildActionMask = 2147483647;
			files = (
				DAEF7DAB2988032F00284326 /* CourseDetailsConfigurator.swift in Sources */,
				DA9A22F0297044B700DD6751 /* Course.swift in Sources */,
				DAEF7DA92988013600284326 /* CourseDetailsInteractor.swift in Sources */,
				DA9A22DC2970424800DD6751 /* CourseListViewController.swift in Sources */,
				DA9A22D82970424800DD6751 /* AppDelegate.swift in Sources */,
				DA9A22FB29704B3900DD6751 /* CourseCell.swift in Sources */,
				DA9A22F7297048A400DD6751 /* NetworkManager.swift in Sources */,
				DAEF7DAD298827A900284326 /* CourseListPresenter.swift in Sources */,
				DA9A22F6297048A400DD6751 /* ImageManager.swift in Sources */,
				DA9A22F5297048A400DD6751 /* DataManager.swift in Sources */,
				DA9A22F9297048E000DD6751 /* CourseDetailsViewController.swift in Sources */,
				DAEF7DA72987FF2500284326 /* CourseDetailsPresenter.swift in Sources */,
				DA9A22DA2970424800DD6751 /* SceneDelegate.swift in Sources */,
				DAEF7DAF298827B600284326 /* CourseListInteractor.swift in Sources */,
				DAEF7DB1298827C500284326 /* CourseListConfigurator.swift in Sources */,
				DAEF7DB329882CB600284326 /* CourseListRouter.swift in Sources */,
			);
			runOnlyForDeploymentPostprocessing = 0;
		};
/* End PBXSourcesBuildPhase section */

/* Begin PBXVariantGroup section */
		DA9A22DD2970424800DD6751 /* Main.storyboard */ = {
			isa = PBXVariantGroup;
			children = (
				DA9A22DE2970424800DD6751 /* Base */,
			);
			name = Main.storyboard;
			sourceTree = "<group>";
		};
		DA9A22E22970424A00DD6751 /* LaunchScreen.storyboard */ = {
			isa = PBXVariantGroup;
			children = (
				DA9A22E32970424A00DD6751 /* Base */,
			);
			name = LaunchScreen.storyboard;
			sourceTree = "<group>";
		};
/* End PBXVariantGroup section */

/* Begin XCBuildConfiguration section */
		DA9A22E62970424A00DD6751 /* Debug */ = {
			isa = XCBuildConfiguration;
			buildSettings = {
				ALWAYS_SEARCH_USER_PATHS = NO;
				CLANG_ANALYZER_NONNULL = YES;
				CLANG_ANALYZER_NUMBER_OBJECT_CONVERSION = YES_AGGRESSIVE;
				CLANG_CXX_LANGUAGE_STANDARD = "gnu++20";
				CLANG_ENABLE_MODULES = YES;
				CLANG_ENABLE_OBJC_ARC = YES;
				CLANG_ENABLE_OBJC_WEAK = YES;
				CLANG_WARN_BLOCK_CAPTURE_AUTORELEASING = YES;
				CLANG_WARN_BOOL_CONVERSION = YES;
				CLANG_WARN_COMMA = YES;
				CLANG_WARN_CONSTANT_CONVERSION = YES;
				CLANG_WARN_DEPRECATED_OBJC_IMPLEMENTATIONS = YES;
				CLANG_WARN_DIRECT_OBJC_ISA_USAGE = YES_ERROR;
				CLANG_WARN_DOCUMENTATION_COMMENTS = YES;
				CLANG_WARN_EMPTY_BODY = YES;
				CLANG_WARN_ENUM_CONVERSION = YES;
				CLANG_WARN_INFINITE_RECURSION = YES;
				CLANG_WARN_INT_CONVERSION = YES;
				CLANG_WARN_NON_LITERAL_NULL_CONVERSION = YES;
				CLANG_WARN_OBJC_IMPLICIT_RETAIN_SELF = YES;
				CLANG_WARN_OBJC_LITERAL_CONVERSION = YES;
				CLANG_WARN_OBJC_ROOT_CLASS = YES_ERROR;
				CLANG_WARN_QUOTED_INCLUDE_IN_FRAMEWORK_HEADER = YES;
				CLANG_WARN_RANGE_LOOP_ANALYSIS = YES;
				CLANG_WARN_STRICT_PROTOTYPES = YES;
				CLANG_WARN_SUSPICIOUS_MOVE = YES;
				CLANG_WARN_UNGUARDED_AVAILABILITY = YES_AGGRESSIVE;
				CLANG_WARN_UNREACHABLE_CODE = YES;
				CLANG_WARN__DUPLICATE_METHOD_MATCH = YES;
				COPY_PHASE_STRIP = NO;
				DEBUG_INFORMATION_FORMAT = dwarf;
				ENABLE_STRICT_OBJC_MSGSEND = YES;
				ENABLE_TESTABILITY = YES;
				GCC_C_LANGUAGE_STANDARD = gnu11;
				GCC_DYNAMIC_NO_PIC = NO;
				GCC_NO_COMMON_BLOCKS = YES;
				GCC_OPTIMIZATION_LEVEL = 0;
				GCC_PREPROCESSOR_DEFINITIONS = (
					"DEBUG=1",
					"$(inherited)",
				);
				GCC_WARN_64_TO_32_BIT_CONVERSION = YES;
				GCC_WARN_ABOUT_RETURN_TYPE = YES_ERROR;
				GCC_WARN_UNDECLARED_SELECTOR = YES;
				GCC_WARN_UNINITIALIZED_AUTOS = YES_AGGRESSIVE;
				GCC_WARN_UNUSED_FUNCTION = YES;
				GCC_WARN_UNUSED_VARIABLE = YES;
				IPHONEOS_DEPLOYMENT_TARGET = 16.2;
				MTL_ENABLE_DEBUG_INFO = INCLUDE_SOURCE;
				MTL_FAST_MATH = YES;
				ONLY_ACTIVE_ARCH = YES;
				SDKROOT = iphoneos;
				SWIFT_ACTIVE_COMPILATION_CONDITIONS = DEBUG;
				SWIFT_OPTIMIZATION_LEVEL = "-Onone";
			};
			name = Debug;
		};
		DA9A22E72970424A00DD6751 /* Release */ = {
			isa = XCBuildConfiguration;
			buildSettings = {
				ALWAYS_SEARCH_USER_PATHS = NO;
				CLANG_ANALYZER_NONNULL = YES;
				CLANG_ANALYZER_NUMBER_OBJECT_CONVERSION = YES_AGGRESSIVE;
				CLANG_CXX_LANGUAGE_STANDARD = "gnu++20";
				CLANG_ENABLE_MODULES = YES;
				CLANG_ENABLE_OBJC_ARC = YES;
				CLANG_ENABLE_OBJC_WEAK = YES;
				CLANG_WARN_BLOCK_CAPTURE_AUTORELEASING = YES;
				CLANG_WARN_BOOL_CONVERSION = YES;
				CLANG_WARN_COMMA = YES;
				CLANG_WARN_CONSTANT_CONVERSION = YES;
				CLANG_WARN_DEPRECATED_OBJC_IMPLEMENTATIONS = YES;
				CLANG_WARN_DIRECT_OBJC_ISA_USAGE = YES_ERROR;
				CLANG_WARN_DOCUMENTATION_COMMENTS = YES;
				CLANG_WARN_EMPTY_BODY = YES;
				CLANG_WARN_ENUM_CONVERSION = YES;
				CLANG_WARN_INFINITE_RECURSION = YES;
				CLANG_WARN_INT_CONVERSION = YES;
				CLANG_WARN_NON_LITERAL_NULL_CONVERSION = YES;
				CLANG_WARN_OBJC_IMPLICIT_RETAIN_SELF = YES;
				CLANG_WARN_OBJC_LITERAL_CONVERSION = YES;
				CLANG_WARN_OBJC_ROOT_CLASS = YES_ERROR;
				CLANG_WARN_QUOTED_INCLUDE_IN_FRAMEWORK_HEADER = YES;
				CLANG_WARN_RANGE_LOOP_ANALYSIS = YES;
				CLANG_WARN_STRICT_PROTOTYPES = YES;
				CLANG_WARN_SUSPICIOUS_MOVE = YES;
				CLANG_WARN_UNGUARDED_AVAILABILITY = YES_AGGRESSIVE;
				CLANG_WARN_UNREACHABLE_CODE = YES;
				CLANG_WARN__DUPLICATE_METHOD_MATCH = YES;
				COPY_PHASE_STRIP = NO;
				DEBUG_INFORMATION_FORMAT = "dwarf-with-dsym";
				ENABLE_NS_ASSERTIONS = NO;
				ENABLE_STRICT_OBJC_MSGSEND = YES;
				GCC_C_LANGUAGE_STANDARD = gnu11;
				GCC_NO_COMMON_BLOCKS = YES;
				GCC_WARN_64_TO_32_BIT_CONVERSION = YES;
				GCC_WARN_ABOUT_RETURN_TYPE = YES_ERROR;
				GCC_WARN_UNDECLARED_SELECTOR = YES;
				GCC_WARN_UNINITIALIZED_AUTOS = YES_AGGRESSIVE;
				GCC_WARN_UNUSED_FUNCTION = YES;
				GCC_WARN_UNUSED_VARIABLE = YES;
				IPHONEOS_DEPLOYMENT_TARGET = 16.2;
				MTL_ENABLE_DEBUG_INFO = NO;
				MTL_FAST_MATH = YES;
				SDKROOT = iphoneos;
				SWIFT_COMPILATION_MODE = wholemodule;
				SWIFT_OPTIMIZATION_LEVEL = "-O";
				VALIDATE_PRODUCT = YES;
			};
			name = Release;
		};
		DA9A22E92970424A00DD6751 /* Debug */ = {
			isa = XCBuildConfiguration;
			buildSettings = {
				ASSETCATALOG_COMPILER_APPICON_NAME = AppIcon;
				ASSETCATALOG_COMPILER_GLOBAL_ACCENT_COLOR_NAME = AccentColor;
				CODE_SIGN_STYLE = Automatic;
				CURRENT_PROJECT_VERSION = 1;
				DEVELOPMENT_TEAM = 9M963S5SV4;
				GENERATE_INFOPLIST_FILE = YES;
				INFOPLIST_FILE = CoursesApp/SupportingFiles/Info.plist;
				INFOPLIST_KEY_UIApplicationSupportsIndirectInputEvents = YES;
				INFOPLIST_KEY_UILaunchStoryboardName = LaunchScreen;
				INFOPLIST_KEY_UIMainStoryboardFile = Main;
				INFOPLIST_KEY_UISupportedInterfaceOrientations = "UIInterfaceOrientationLandscapeRight UIInterfaceOrientationPortrait";
				INFOPLIST_KEY_UISupportedInterfaceOrientations_iPad = "UIInterfaceOrientationLandscapeLeft UIInterfaceOrientationLandscapeRight UIInterfaceOrientationPortrait UIInterfaceOrientationPortraitUpsideDown";
				IPHONEOS_DEPLOYMENT_TARGET = 15.5;
				LD_RUNPATH_SEARCH_PATHS = (
					"$(inherited)",
					"@executable_path/Frameworks",
				);
				MARKETING_VERSION = 1.0;
				PRODUCT_BUNDLE_IDENTIFIER = "Nikita-Chekan.CoursesApp";
				PRODUCT_NAME = "$(TARGET_NAME)";
				SUPPORTED_PLATFORMS = "iphoneos iphonesimulator";
				SUPPORTS_MACCATALYST = NO;
				SUPPORTS_MAC_DESIGNED_FOR_IPHONE_IPAD = NO;
				SWIFT_EMIT_LOC_STRINGS = YES;
				SWIFT_VERSION = 5.0;
				TARGETED_DEVICE_FAMILY = 1;
			};
			name = Debug;
		};
		DA9A22EA2970424A00DD6751 /* Release */ = {
			isa = XCBuildConfiguration;
			buildSettings = {
				ASSETCATALOG_COMPILER_APPICON_NAME = AppIcon;
				ASSETCATALOG_COMPILER_GLOBAL_ACCENT_COLOR_NAME = AccentColor;
				CODE_SIGN_STYLE = Automatic;
				CURRENT_PROJECT_VERSION = 1;
				DEVELOPMENT_TEAM = 9M963S5SV4;
				GENERATE_INFOPLIST_FILE = YES;
				INFOPLIST_FILE = CoursesApp/SupportingFiles/Info.plist;
				INFOPLIST_KEY_UIApplicationSupportsIndirectInputEvents = YES;
				INFOPLIST_KEY_UILaunchStoryboardName = LaunchScreen;
				INFOPLIST_KEY_UIMainStoryboardFile = Main;
				INFOPLIST_KEY_UISupportedInterfaceOrientations = "UIInterfaceOrientationLandscapeRight UIInterfaceOrientationPortrait";
				INFOPLIST_KEY_UISupportedInterfaceOrientations_iPad = "UIInterfaceOrientationLandscapeLeft UIInterfaceOrientationLandscapeRight UIInterfaceOrientationPortrait UIInterfaceOrientationPortraitUpsideDown";
				IPHONEOS_DEPLOYMENT_TARGET = 15.5;
				LD_RUNPATH_SEARCH_PATHS = (
					"$(inherited)",
					"@executable_path/Frameworks",
				);
				MARKETING_VERSION = 1.0;
				PRODUCT_BUNDLE_IDENTIFIER = "Nikita-Chekan.CoursesApp";
				PRODUCT_NAME = "$(TARGET_NAME)";
				SUPPORTED_PLATFORMS = "iphoneos iphonesimulator";
				SUPPORTS_MACCATALYST = NO;
				SUPPORTS_MAC_DESIGNED_FOR_IPHONE_IPAD = NO;
				SWIFT_EMIT_LOC_STRINGS = YES;
				SWIFT_VERSION = 5.0;
				TARGETED_DEVICE_FAMILY = 1;
			};
			name = Release;
		};
/* End XCBuildConfiguration section */

/* Begin XCConfigurationList section */
		DA9A22CF2970424800DD6751 /* Build configuration list for PBXProject "CoursesApp" */ = {
			isa = XCConfigurationList;
			buildConfigurations = (
				DA9A22E62970424A00DD6751 /* Debug */,
				DA9A22E72970424A00DD6751 /* Release */,
			);
			defaultConfigurationIsVisible = 0;
			defaultConfigurationName = Release;
		};
		DA9A22E82970424A00DD6751 /* Build configuration list for PBXNativeTarget "CoursesApp" */ = {
			isa = XCConfigurationList;
			buildConfigurations = (
				DA9A22E92970424A00DD6751 /* Debug */,
				DA9A22EA2970424A00DD6751 /* Release */,
			);
			defaultConfigurationIsVisible = 0;
			defaultConfigurationName = Release;
		};
/* End XCConfigurationList section */
	};
	rootObject = DA9A22CC2970424800DD6751 /* Project object */;
}
